// !$*UTF8*$!
{
	archiveVersion = 1;
	classes = {
	};
	objectVersion = 55;
	objects = {

/* Begin PBXBuildFile section */
		CE31496527A6C40C008E391F /* clear-sky-hartzmann-main-version-02-20-18592.mp3 in Resources */ = {isa = PBXBuildFile; fileRef = CE31496427A6C40C008E391F /* clear-sky-hartzmann-main-version-02-20-18592.mp3 */; };
		CE31496727A6C436008E391F /* bgaudio.mp3 in Resources */ = {isa = PBXBuildFile; fileRef = CE31496627A6C436008E391F /* bgaudio.mp3 */; };
		CE75ABA227A55FF00079FAD6 /* BGMusic.swift in Sources */ = {isa = PBXBuildFile; fileRef = CE75ABA127A55FF00079FAD6 /* BGMusic.swift */; };
		CE9E83E6279C9D5500F151C6 /* LightsOutApp.swift in Sources */ = {isa = PBXBuildFile; fileRef = CE9E83E5279C9D5500F151C6 /* LightsOutApp.swift */; };
		CE9E83E8279C9D5500F151C6 /* GameView.swift in Sources */ = {isa = PBXBuildFile; fileRef = CE9E83E7279C9D5500F151C6 /* GameView.swift */; };
		CE9E83EA279C9D5600F151C6 /* Assets.xcassets in Resources */ = {isa = PBXBuildFile; fileRef = CE9E83E9279C9D5600F151C6 /* Assets.xcassets */; };
		CE9E83ED279C9D5600F151C6 /* Preview Assets.xcassets in Resources */ = {isa = PBXBuildFile; fileRef = CE9E83EC279C9D5600F151C6 /* Preview Assets.xcassets */; };
		CE9E83F4279D70FB00F151C6 /* Cell.swift in Sources */ = {isa = PBXBuildFile; fileRef = CE9E83F3279D70FB00F151C6 /* Cell.swift */; };
		CE9E83F6279D722100F151C6 /* Setup.swift in Sources */ = {isa = PBXBuildFile; fileRef = CE9E83F5279D722100F151C6 /* Setup.swift */; };
		CE9E83F8279D8B5A00F151C6 /* Header.swift in Sources */ = {isa = PBXBuildFile; fileRef = CE9E83F7279D8B5900F151C6 /* Header.swift */; };
		CE9E83FA279D8C4B00F151C6 /* Neonderthaw-Regular.ttf in Resources */ = {isa = PBXBuildFile; fileRef = CE9E83F9279D8C4B00F151C6 /* Neonderthaw-Regular.ttf */; };
		CE9E83FD279D9E0C00F151C6 /* MainView.swift in Sources */ = {isa = PBXBuildFile; fileRef = CE9E83FC279D9E0C00F151C6 /* MainView.swift */; };
		CE9E83FF279D9F5B00F151C6 /* RecordsView.swift in Sources */ = {isa = PBXBuildFile; fileRef = CE9E83FE279D9F5B00F151C6 /* RecordsView.swift */; };
		CE9E8404279EA77C00F151C6 /* LightsOut.xcdatamodeld in Sources */ = {isa = PBXBuildFile; fileRef = CE9E8402279EA77C00F151C6 /* LightsOut.xcdatamodeld */; };
		CE9E8406279EA83300F151C6 /* DataController.swift in Sources */ = {isa = PBXBuildFile; fileRef = CE9E8405279EA83300F151C6 /* DataController.swift */; };
/* End PBXBuildFile section */

/* Begin PBXFileReference section */
		CE31496427A6C40C008E391F /* clear-sky-hartzmann-main-version-02-20-18592.mp3 */ = {isa = PBXFileReference; lastKnownFileType = audio.mp3; path = "clear-sky-hartzmann-main-version-02-20-18592.mp3"; sourceTree = "<group>"; };
		CE31496627A6C436008E391F /* bgaudio.mp3 */ = {isa = PBXFileReference; lastKnownFileType = audio.mp3; name = bgaudio.mp3; path = ../../../../../../Downloads/bgaudio.mp3; sourceTree = "<group>"; };
		CE75ABA127A55FF00079FAD6 /* BGMusic.swift */ = {isa = PBXFileReference; lastKnownFileType = sourcecode.swift; path = BGMusic.swift; sourceTree = "<group>"; };
		CE9E83E2279C9D5500F151C6 /* LightsOut.app */ = {isa = PBXFileReference; explicitFileType = wrapper.application; includeInIndex = 0; path = LightsOut.app; sourceTree = BUILT_PRODUCTS_DIR; };
		CE9E83E5279C9D5500F151C6 /* LightsOutApp.swift */ = {isa = PBXFileReference; lastKnownFileType = sourcecode.swift; path = LightsOutApp.swift; sourceTree = "<group>"; };
		CE9E83E7279C9D5500F151C6 /* GameView.swift */ = {isa = PBXFileReference; lastKnownFileType = sourcecode.swift; path = GameView.swift; sourceTree = "<group>"; };
		CE9E83E9279C9D5600F151C6 /* Assets.xcassets */ = {isa = PBXFileReference; lastKnownFileType = folder.assetcatalog; path = Assets.xcassets; sourceTree = "<group>"; };
		CE9E83EC279C9D5600F151C6 /* Preview Assets.xcassets */ = {isa = PBXFileReference; lastKnownFileType = folder.assetcatalog; path = "Preview Assets.xcassets"; sourceTree = "<group>"; };
		CE9E83F3279D70FB00F151C6 /* Cell.swift */ = {isa = PBXFileReference; lastKnownFileType = sourcecode.swift; path = Cell.swift; sourceTree = "<group>"; };
		CE9E83F5279D722100F151C6 /* Setup.swift */ = {isa = PBXFileReference; lastKnownFileType = sourcecode.swift; path = Setup.swift; sourceTree = "<group>"; };
		CE9E83F7279D8B5900F151C6 /* Header.swift */ = {isa = PBXFileReference; lastKnownFileType = sourcecode.swift; path = Header.swift; sourceTree = "<group>"; };
		CE9E83F9279D8C4B00F151C6 /* Neonderthaw-Regular.ttf */ = {isa = PBXFileReference; lastKnownFileType = file; path = "Neonderthaw-Regular.ttf"; sourceTree = "<group>"; };
		CE9E83FB279D8CCE00F151C6 /* Info.plist */ = {isa = PBXFileReference; lastKnownFileType = text.plist; path = Info.plist; sourceTree = "<group>"; };
		CE9E83FC279D9E0C00F151C6 /* MainView.swift */ = {isa = PBXFileReference; lastKnownFileType = sourcecode.swift; path = MainView.swift; sourceTree = "<group>"; };
		CE9E83FE279D9F5B00F151C6 /* RecordsView.swift */ = {isa = PBXFileReference; lastKnownFileType = sourcecode.swift; path = RecordsView.swift; sourceTree = "<group>"; };
		CE9E8403279EA77C00F151C6 /* LightsOut.xcdatamodel */ = {isa = PBXFileReference; lastKnownFileType = wrapper.xcdatamodel; path = LightsOut.xcdatamodel; sourceTree = "<group>"; };
		CE9E8405279EA83300F151C6 /* DataController.swift */ = {isa = PBXFileReference; lastKnownFileType = sourcecode.swift; path = DataController.swift; sourceTree = "<group>"; };
/* End PBXFileReference section */

/* Begin PBXFrameworksBuildPhase section */
		CE9E83DF279C9D5500F151C6 /* Frameworks */ = {
			isa = PBXFrameworksBuildPhase;
			buildActionMask = 2147483647;
			files = (
			);
			runOnlyForDeploymentPostprocessing = 0;
		};
/* End PBXFrameworksBuildPhase section */

/* Begin PBXGroup section */
		CE9E83D9279C9D5500F151C6 = {
			isa = PBXGroup;
			children = (
				CE9E83E4279C9D5500F151C6 /* LightsOut */,
				CE9E83E3279C9D5500F151C6 /* Products */,
			);
			sourceTree = "<group>";
		};
		CE9E83E3279C9D5500F151C6 /* Products */ = {
			isa = PBXGroup;
			children = (
				CE9E83E2279C9D5500F151C6 /* LightsOut.app */,
			);
			name = Products;
			sourceTree = "<group>";
		};
		CE9E83E4279C9D5500F151C6 /* LightsOut */ = {
			isa = PBXGroup;
			children = (
				CE9E83FB279D8CCE00F151C6 /* Info.plist */,
				CE9E83F9279D8C4B00F151C6 /* Neonderthaw-Regular.ttf */,
				CE9E83E5279C9D5500F151C6 /* LightsOutApp.swift */,
				CE9E83E7279C9D5500F151C6 /* GameView.swift */,
				CE75ABA127A55FF00079FAD6 /* BGMusic.swift */,
				CE9E8402279EA77C00F151C6 /* LightsOut.xcdatamodeld */,
				CE9E8405279EA83300F151C6 /* DataController.swift */,
				CE31496627A6C436008E391F /* bgaudio.mp3 */,
				CE9E83FC279D9E0C00F151C6 /* MainView.swift */,
				CE9E83F7279D8B5900F151C6 /* Header.swift */,
				CE9E83FE279D9F5B00F151C6 /* RecordsView.swift */,
				CE9E83F3279D70FB00F151C6 /* Cell.swift */,
				CE9E83F5279D722100F151C6 /* Setup.swift */,
				CE9E83E9279C9D5600F151C6 /* Assets.xcassets */,
				CE9E83EB279C9D5600F151C6 /* Preview Content */,
			);
			path = LightsOut;
			sourceTree = "<group>";
		};
		CE9E83EB279C9D5600F151C6 /* Preview Content */ = {
			isa = PBXGroup;
			children = (
				CE31496427A6C40C008E391F /* clear-sky-hartzmann-main-version-02-20-18592.mp3 */,
				CE9E83EC279C9D5600F151C6 /* Preview Assets.xcassets */,
			);
			path = "Preview Content";
			sourceTree = "<group>";
		};
/* End PBXGroup section */

/* Begin PBXNativeTarget section */
		CE9E83E1279C9D5500F151C6 /* LightsOut */ = {
			isa = PBXNativeTarget;
			buildConfigurationList = CE9E83F0279C9D5600F151C6 /* Build configuration list for PBXNativeTarget "LightsOut" */;
			buildPhases = (
				CE9E83DE279C9D5500F151C6 /* Sources */,
				CE9E83DF279C9D5500F151C6 /* Frameworks */,
				CE9E83E0279C9D5500F151C6 /* Resources */,
			);
			buildRules = (
			);
			dependencies = (
			);
			name = LightsOut;
			productName = LightsOut;
			productReference = CE9E83E2279C9D5500F151C6 /* LightsOut.app */;
			productType = "com.apple.product-type.application";
		};
/* End PBXNativeTarget section */

/* Begin PBXProject section */
		CE9E83DA279C9D5500F151C6 /* Project object */ = {
			isa = PBXProject;
			attributes = {
				BuildIndependentTargetsInParallel = 1;
				LastSwiftUpdateCheck = 1320;
				LastUpgradeCheck = 1320;
				TargetAttributes = {
					CE9E83E1279C9D5500F151C6 = {
						CreatedOnToolsVersion = 13.2.1;
					};
				};
			};
			buildConfigurationList = CE9E83DD279C9D5500F151C6 /* Build configuration list for PBXProject "LightsOut" */;
			compatibilityVersion = "Xcode 13.0";
			developmentRegion = en;
			hasScannedForEncodings = 0;
			knownRegions = (
				en,
				Base,
			);
			mainGroup = CE9E83D9279C9D5500F151C6;
			productRefGroup = CE9E83E3279C9D5500F151C6 /* Products */;
			projectDirPath = "";
			projectRoot = "";
			targets = (
				CE9E83E1279C9D5500F151C6 /* LightsOut */,
			);
		};
/* End PBXProject section */

/* Begin PBXResourcesBuildPhase section */
		CE9E83E0279C9D5500F151C6 /* Resources */ = {
			isa = PBXResourcesBuildPhase;
			buildActionMask = 2147483647;
			files = (
				CE9E83ED279C9D5600F151C6 /* Preview Assets.xcassets in Resources */,
				CE31496727A6C436008E391F /* bgaudio.mp3 in Resources */,
				CE9E83EA279C9D5600F151C6 /* Assets.xcassets in Resources */,
				CE9E83FA279D8C4B00F151C6 /* Neonderthaw-Regular.ttf in Resources */,
				CE31496527A6C40C008E391F /* clear-sky-hartzmann-main-version-02-20-18592.mp3 in Resources */,
			);
			runOnlyForDeploymentPostprocessing = 0;
		};
/* End PBXResourcesBuildPhase section */

/* Begin PBXSourcesBuildPhase section */
		CE9E83DE279C9D5500F151C6 /* Sources */ = {
			isa = PBXSourcesBuildPhase;
			buildActionMask = 2147483647;
			files = (
				CE9E83F8279D8B5A00F151C6 /* Header.swift in Sources */,
				CE9E83FF279D9F5B00F151C6 /* RecordsView.swift in Sources */,
				CE9E8404279EA77C00F151C6 /* LightsOut.xcdatamodeld in Sources */,
				CE9E83FD279D9E0C00F151C6 /* MainView.swift in Sources */,
				CE9E8406279EA83300F151C6 /* DataController.swift in Sources */,
				CE9E83E8279C9D5500F151C6 /* GameView.swift in Sources */,
				CE9E83E6279C9D5500F151C6 /* LightsOutApp.swift in Sources */,
				CE9E83F4279D70FB00F151C6 /* Cell.swift in Sources */,
				CE75ABA227A55FF00079FAD6 /* BGMusic.swift in Sources */,
				CE9E83F6279D722100F151C6 /* Setup.swift in Sources */,
			);
			runOnlyForDeploymentPostprocessing = 0;
		};
/* End PBXSourcesBuildPhase section */

/* Begin XCBuildConfiguration section */
		CE9E83EE279C9D5600F151C6 /* Debug */ = {
			isa = XCBuildConfiguration;
			buildSettings = {
				ALWAYS_SEARCH_USER_PATHS = NO;
				CLANG_ANALYZER_NONNULL = YES;
				CLANG_ANALYZER_NUMBER_OBJECT_CONVERSION = YES_AGGRESSIVE;
				CLANG_CXX_LANGUAGE_STANDARD = "gnu++17";
				CLANG_CXX_LIBRARY = "libc++";
				CLANG_ENABLE_MODULES = YES;
				CLANG_ENABLE_OBJC_ARC = YES;
				CLANG_ENABLE_OBJC_WEAK = YES;
				CLANG_WARN_BLOCK_CAPTURE_AUTORELEASING = YES;
				CLANG_WARN_BOOL_CONVERSION = YES;
				CLANG_WARN_COMMA = YES;
				CLANG_WARN_CONSTANT_CONVERSION = YES;
				CLANG_WARN_DEPRECATED_OBJC_IMPLEMENTATIONS = YES;
				CLANG_WARN_DIRECT_OBJC_ISA_USAGE = YES_ERROR;
				CLANG_WARN_DOCUMENTATION_COMMENTS = YES;
				CLANG_WARN_EMPTY_BODY = YES;
				CLANG_WARN_ENUM_CONVERSION = YES;
				CLANG_WARN_INFINITE_RECURSION = YES;
				CLANG_WARN_INT_CONVERSION = YES;
				CLANG_WARN_NON_LITERAL_NULL_CONVERSION = YES;
				CLANG_WARN_OBJC_IMPLICIT_RETAIN_SELF = YES;
				CLANG_WARN_OBJC_LITERAL_CONVERSION = YES;
				CLANG_WARN_OBJC_ROOT_CLASS = YES_ERROR;
				CLANG_WARN_QUOTED_INCLUDE_IN_FRAMEWORK_HEADER = YES;
				CLANG_WARN_RANGE_LOOP_ANALYSIS = YES;
				CLANG_WARN_STRICT_PROTOTYPES = YES;
				CLANG_WARN_SUSPICIOUS_MOVE = YES;
				CLANG_WARN_UNGUARDED_AVAILABILITY = YES_AGGRESSIVE;
				CLANG_WARN_UNREACHABLE_CODE = YES;
				CLANG_WARN__DUPLICATE_METHOD_MATCH = YES;
				COPY_PHASE_STRIP = NO;
				DEBUG_INFORMATION_FORMAT = dwarf;
				ENABLE_STRICT_OBJC_MSGSEND = YES;
				ENABLE_TESTABILITY = YES;
				GCC_C_LANGUAGE_STANDARD = gnu11;
				GCC_DYNAMIC_NO_PIC = NO;
				GCC_NO_COMMON_BLOCKS = YES;
				GCC_OPTIMIZATION_LEVEL = 0;
				GCC_PREPROCESSOR_DEFINITIONS = (
					"DEBUG=1",
					"$(inherited)",
				);
				GCC_WARN_64_TO_32_BIT_CONVERSION = YES;
				GCC_WARN_ABOUT_RETURN_TYPE = YES_ERROR;
				GCC_WARN_UNDECLARED_SELECTOR = YES;
				GCC_WARN_UNINITIALIZED_AUTOS = YES_AGGRESSIVE;
				GCC_WARN_UNUSED_FUNCTION = YES;
				GCC_WARN_UNUSED_VARIABLE = YES;
				IPHONEOS_DEPLOYMENT_TARGET = 15.2;
				MTL_ENABLE_DEBUG_INFO = INCLUDE_SOURCE;
				MTL_FAST_MATH = YES;
				ONLY_ACTIVE_ARCH = YES;
				SDKROOT = iphoneos;
				SWIFT_ACTIVE_COMPILATION_CONDITIONS = DEBUG;
				SWIFT_OPTIMIZATION_LEVEL = "-Onone";
			};
			name = Debug;
		};
		CE9E83EF279C9D5600F151C6 /* Release */ = {
			isa = XCBuildConfiguration;
			buildSettings = {
				ALWAYS_SEARCH_USER_PATHS = NO;
				CLANG_ANALYZER_NONNULL = YES;
				CLANG_ANALYZER_NUMBER_OBJECT_CONVERSION = YES_AGGRESSIVE;
				CLANG_CXX_LANGUAGE_STANDARD = "gnu++17";
				CLANG_CXX_LIBRARY = "libc++";
				CLANG_ENABLE_MODULES = YES;
				CLANG_ENABLE_OBJC_ARC = YES;
				CLANG_ENABLE_OBJC_WEAK = YES;
				CLANG_WARN_BLOCK_CAPTURE_AUTORELEASING = YES;
				CLANG_WARN_BOOL_CONVERSION = YES;
				CLANG_WARN_COMMA = YES;
				CLANG_WARN_CONSTANT_CONVERSION = YES;
				CLANG_WARN_DEPRECATED_OBJC_IMPLEMENTATIONS = YES;
				CLANG_WARN_DIRECT_OBJC_ISA_USAGE = YES_ERROR;
				CLANG_WARN_DOCUMENTATION_COMMENTS = YES;
				CLANG_WARN_EMPTY_BODY = YES;
				CLANG_WARN_ENUM_CONVERSION = YES;
				CLANG_WARN_INFINITE_RECURSION = YES;
				CLANG_WARN_INT_CONVERSION = YES;
				CLANG_WARN_NON_LITERAL_NULL_CONVERSION = YES;
				CLANG_WARN_OBJC_IMPLICIT_RETAIN_SELF = YES;
				CLANG_WARN_OBJC_LITERAL_CONVERSION = YES;
				CLANG_WARN_OBJC_ROOT_CLASS = YES_ERROR;
				CLANG_WARN_QUOTED_INCLUDE_IN_FRAMEWORK_HEADER = YES;
				CLANG_WARN_RANGE_LOOP_ANALYSIS = YES;
				CLANG_WARN_STRICT_PROTOTYPES = YES;
				CLANG_WARN_SUSPICIOUS_MOVE = YES;
				CLANG_WARN_UNGUARDED_AVAILABILITY = YES_AGGRESSIVE;
				CLANG_WARN_UNREACHABLE_CODE = YES;
				CLANG_WARN__DUPLICATE_METHOD_MATCH = YES;
				COPY_PHASE_STRIP = NO;
				DEBUG_INFORMATION_FORMAT = "dwarf-with-dsym";
				ENABLE_NS_ASSERTIONS = NO;
				ENABLE_STRICT_OBJC_MSGSEND = YES;
				GCC_C_LANGUAGE_STANDARD = gnu11;
				GCC_NO_COMMON_BLOCKS = YES;
				GCC_WARN_64_TO_32_BIT_CONVERSION = YES;
				GCC_WARN_ABOUT_RETURN_TYPE = YES_ERROR;
				GCC_WARN_UNDECLARED_SELECTOR = YES;
				GCC_WARN_UNINITIALIZED_AUTOS = YES_AGGRESSIVE;
				GCC_WARN_UNUSED_FUNCTION = YES;
				GCC_WARN_UNUSED_VARIABLE = YES;
				IPHONEOS_DEPLOYMENT_TARGET = 15.2;
				MTL_ENABLE_DEBUG_INFO = NO;
				MTL_FAST_MATH = YES;
				SDKROOT = iphoneos;
				SWIFT_COMPILATION_MODE = wholemodule;
				SWIFT_OPTIMIZATION_LEVEL = "-O";
				VALIDATE_PRODUCT = YES;
			};
			name = Release;
		};
		CE9E83F1279C9D5600F151C6 /* Debug */ = {
			isa = XCBuildConfiguration;
			buildSettings = {
				ASSETCATALOG_COMPILER_APPICON_NAME = AppIcon;
				ASSETCATALOG_COMPILER_GLOBAL_ACCENT_COLOR_NAME = AccentColor;
				CODE_SIGN_STYLE = Automatic;
				CURRENT_PROJECT_VERSION = 1;
				DEVELOPMENT_ASSET_PATHS = "\"LightsOut/Preview Content\"";
				DEVELOPMENT_TEAM = SLB347Y94F;
				ENABLE_PREVIEWS = YES;
				GENERATE_INFOPLIST_FILE = YES;
				INFOPLIST_FILE = LightsOut/Info.plist;
				INFOPLIST_KEY_UIApplicationSceneManifest_Generation = YES;
				INFOPLIST_KEY_UIApplicationSupportsIndirectInputEvents = YES;
				INFOPLIST_KEY_UILaunchScreen_Generation = YES;
				INFOPLIST_KEY_UISupportedInterfaceOrientations = UIInterfaceOrientationPortrait;
				INFOPLIST_KEY_UISupportedInterfaceOrientations_iPad = "UIInterfaceOrientationPortrait UIInterfaceOrientationPortraitUpsideDown UIInterfaceOrientationLandscapeLeft UIInterfaceOrientationLandscapeRight";
				INFOPLIST_KEY_UISupportedInterfaceOrientations_iPhone = "UIInterfaceOrientationPortrait UIInterfaceOrientationLandscapeLeft UIInterfaceOrientationLandscapeRight";
				LD_RUNPATH_SEARCH_PATHS = (
					"$(inherited)",
					"@executable_path/Frameworks",
				);
				MARKETING_VERSION = 1.0;
				PRODUCT_BUNDLE_IDENTIFIER = info.arthurford.LightsOut;
				PRODUCT_NAME = "$(TARGET_NAME)";
				SWIFT_EMIT_LOC_STRINGS = YES;
				SWIFT_VERSION = 5.0;
				TARGETED_DEVICE_FAMILY = 1;
			};
			name = Debug;
		};
		CE9E83F2279C9D5600F151C6 /* Release */ = {
			isa = XCBuildConfiguration;
			buildSettings = {
				ASSETCATALOG_COMPILER_APPICON_NAME = AppIcon;
				ASSETCATALOG_COMPILER_GLOBAL_ACCENT_COLOR_NAME = AccentColor;
				CODE_SIGN_STYLE = Automatic;
				CURRENT_PROJECT_VERSION = 1;
				DEVELOPMENT_ASSET_PATHS = "\"LightsOut/Preview Content\"";
				DEVELOPMENT_TEAM = SLB347Y94F;
				ENABLE_PREVIEWS = YES;
				GENERATE_INFOPLIST_FILE = YES;
				INFOPLIST_FILE = LightsOut/Info.plist;
				INFOPLIST_KEY_UIApplicationSceneManifest_Generation = YES;
				INFOPLIST_KEY_UIApplicationSupportsIndirectInputEvents = YES;
				INFOPLIST_KEY_UILaunchScreen_Generation = YES;
				INFOPLIST_KEY_UISupportedInterfaceOrientations = UIInterfaceOrientationPortrait;
				INFOPLIST_KEY_UISupportedInterfaceOrientations_iPad = "UIInterfaceOrientationPortrait UIInterfaceOrientationPortraitUpsideDown UIInterfaceOrientationLandscapeLeft UIInterfaceOrientationLandscapeRight";
				INFOPLIST_KEY_UISupportedInterfaceOrientations_iPhone = "UIInterfaceOrientationPortrait UIInterfaceOrientationLandscapeLeft UIInterfaceOrientationLandscapeRight";
				LD_RUNPATH_SEARCH_PATHS = (
					"$(inherited)",
					"@executable_path/Frameworks",
				);
				MARKETING_VERSION = 1.0;
				PRODUCT_BUNDLE_IDENTIFIER = info.arthurford.LightsOut;
				PRODUCT_NAME = "$(TARGET_NAME)";
				SWIFT_EMIT_LOC_STRINGS = YES;
				SWIFT_VERSION = 5.0;
				TARGETED_DEVICE_FAMILY = 1;
			};
			name = Release;
		};
/* End XCBuildConfiguration section */

/* Begin XCConfigurationList section */
		CE9E83DD279C9D5500F151C6 /* Build configuration list for PBXProject "LightsOut" */ = {
			isa = XCConfigurationList;
			buildConfigurations = (
				CE9E83EE279C9D5600F151C6 /* Debug */,
				CE9E83EF279C9D5600F151C6 /* Release */,
			);
			defaultConfigurationIsVisible = 0;
			defaultConfigurationName = Release;
		};
		CE9E83F0279C9D5600F151C6 /* Build configuration list for PBXNativeTarget "LightsOut" */ = {
			isa = XCConfigurationList;
			buildConfigurations = (
				CE9E83F1279C9D5600F151C6 /* Debug */,
				CE9E83F2279C9D5600F151C6 /* Release */,
			);
			defaultConfigurationIsVisible = 0;
			defaultConfigurationName = Release;
		};
/* End XCConfigurationList section */

/* Begin XCVersionGroup section */
		CE9E8402279EA77C00F151C6 /* LightsOut.xcdatamodeld */ = {
			isa = XCVersionGroup;
			children = (
				CE9E8403279EA77C00F151C6 /* LightsOut.xcdatamodel */,
			);
			currentVersion = CE9E8403279EA77C00F151C6 /* LightsOut.xcdatamodel */;
			path = LightsOut.xcdatamodeld;
			sourceTree = "<group>";
			versionGroupType = wrapper.xcdatamodel;
		};
/* End XCVersionGroup section */
	};
	rootObject = CE9E83DA279C9D5500F151C6 /* Project object */;
}
